PODS:
  - SwiftLint (0.31.0)
  - SwiftyJSON (4.2.0)

DEPENDENCIES:
  - SwiftLint
  - SwiftyJSON (~> 4.2.0)

SPEC REPOS:
  https://github.com/cocoapods/specs.git:
    - SwiftLint
    - SwiftyJSON

SPEC CHECKSUMS:
  SwiftLint: 7a0227733d786395817373b2d0ca799fd0093ff3
  SwiftyJSON: c4bcba26dd9ec7a027fc8eade48e2c911f229e96

PODFILE CHECKSUM: f51b57d6082ef96fedddf8eab61464109e8efc46

COCOAPODS: 1.6.1
