// !$*UTF8*$!
{
	archiveVersion = 1;
	classes = {
	};
	objectVersion = 50;
	objects = {

/* Begin PBXBuildFile section */
		3F04427A226F1F2300FAFF32 /* CustomBar.swift in Sources */ = {isa = PBXBuildFile; fileRef = 3F044279226F1F2300FAFF32 /* CustomBar.swift */; };
		3F04427C226F69FA00FAFF32 /* CustomButton.swift in Sources */ = {isa = PBXBuildFile; fileRef = 3F04427B226F69FA00FAFF32 /* CustomButton.swift */; };
		3F04FFFB2254BB4700C48292 /* CALayerExtension.swift in Sources */ = {isa = PBXBuildFile; fileRef = 3F04FFFA2254BB4700C48292 /* CALayerExtension.swift */; };
		3F04FFFD2254BB9500C48292 /* IntExtension.swift in Sources */ = {isa = PBXBuildFile; fileRef = 3F04FFFC2254BB9500C48292 /* IntExtension.swift */; };
		3F2AC96A225B63F900492D42 /* CustomSearchBar.swift in Sources */ = {isa = PBXBuildFile; fileRef = 3F2AC969225B63F900492D42 /* CustomSearchBar.swift */; };
		3F2AC970225B7F9700492D42 /* InfoView.xib in Resources */ = {isa = PBXBuildFile; fileRef = 3F2AC96F225B7F9700492D42 /* InfoView.xib */; };
		3F2AC972225B826E00492D42 /* InfoView.swift in Sources */ = {isa = PBXBuildFile; fileRef = 3F2AC971225B826E00492D42 /* InfoView.swift */; };
		3F2AC976225B9A0300492D42 /* CustomCollectionViewCell.swift in Sources */ = {isa = PBXBuildFile; fileRef = 3F2AC975225B9A0300492D42 /* CustomCollectionViewCell.swift */; };
		3F2AC97A225BB1B100492D42 /* CollectionViewCell.xib in Resources */ = {isa = PBXBuildFile; fileRef = 3F2AC978225BB1B100492D42 /* CollectionViewCell.xib */; };
		3F2EB080224CA28800AEE3DE /* SearchViewController.swift in Sources */ = {isa = PBXBuildFile; fileRef = 3F2EB07F224CA28800AEE3DE /* SearchViewController.swift */; };
		3F43A8BB224904B4002E676C /* AppDelegate.swift in Sources */ = {isa = PBXBuildFile; fileRef = 3F43A8BA224904B4002E676C /* AppDelegate.swift */; };
		3F43A8C2224904B4002E676C /* Assets.xcassets in Resources */ = {isa = PBXBuildFile; fileRef = 3F43A8C1224904B4002E676C /* Assets.xcassets */; };
		3F43A8C5224904B4002E676C /* LaunchScreen.storyboard in Resources */ = {isa = PBXBuildFile; fileRef = 3F43A8C3224904B4002E676C /* LaunchScreen.storyboard */; };
		3F43A8CE2249184A002E676C /* HTTPClient.swift in Sources */ = {isa = PBXBuildFile; fileRef = 3F43A8CD2249184A002E676C /* HTTPClient.swift */; };
		3F43A8D322491B81002E676C /* Artist.swift in Sources */ = {isa = PBXBuildFile; fileRef = 3F43A8D222491B81002E676C /* Artist.swift */; };
		3F6FC290225F11DA00133E26 /* AboutView.xib in Resources */ = {isa = PBXBuildFile; fileRef = 3F6FC28F225F11DA00133E26 /* AboutView.xib */; };
		3F6FC292225F2B9700133E26 /* SimilarView.xib in Resources */ = {isa = PBXBuildFile; fileRef = 3F6FC291225F2B9700133E26 /* SimilarView.xib */; };
		3F6FC294225F2C3500133E26 /* SimilarView.swift in Sources */ = {isa = PBXBuildFile; fileRef = 3F6FC293225F2C3500133E26 /* SimilarView.swift */; };
		3F6FC296225F2FC700133E26 /* AlbumView.xib in Resources */ = {isa = PBXBuildFile; fileRef = 3F6FC295225F2FC700133E26 /* AlbumView.xib */; };
		3F6FC298225F300200133E26 /* AlbumView.swift in Sources */ = {isa = PBXBuildFile; fileRef = 3F6FC297225F300200133E26 /* AlbumView.swift */; };
		3F6FC42F2255DB260051CE06 /* TableViewActivityIndicator.swift in Sources */ = {isa = PBXBuildFile; fileRef = 3F6FC42E2255DB260051CE06 /* TableViewActivityIndicator.swift */; };
		3F6FC431225621650051CE06 /* StringExtension.swift in Sources */ = {isa = PBXBuildFile; fileRef = 3F6FC430225621650051CE06 /* StringExtension.swift */; };
		3F76104B22660CF3007D1792 /* CacheManager.swift in Sources */ = {isa = PBXBuildFile; fileRef = 3F76104A22660CF3007D1792 /* CacheManager.swift */; };
		3F7FFF012264A5D2005AF46F /* ImageLoader.swift in Sources */ = {isa = PBXBuildFile; fileRef = 3F7FFF002264A5D2005AF46F /* ImageLoader.swift */; };
		3F7FFF082264C956005AF46F /* Cache.swift in Sources */ = {isa = PBXBuildFile; fileRef = 3F7FFF072264C956005AF46F /* Cache.swift */; };
		3F7FFF0A2264C9EF005AF46F /* DiskCache.swift in Sources */ = {isa = PBXBuildFile; fileRef = 3F7FFF092264C9EF005AF46F /* DiskCache.swift */; };
		3F7FFF0C2264CA2A005AF46F /* MemoryCache.swift in Sources */ = {isa = PBXBuildFile; fileRef = 3F7FFF0B2264CA2A005AF46F /* MemoryCache.swift */; };
		3F7FFF0E2264CA76005AF46F /* ImageCacheManager.swift in Sources */ = {isa = PBXBuildFile; fileRef = 3F7FFF0D2264CA76005AF46F /* ImageCacheManager.swift */; };
		3F7FFF122264D856005AF46F /* URLExtension.swift in Sources */ = {isa = PBXBuildFile; fileRef = 3F7FFF112264D856005AF46F /* URLExtension.swift */; };
		3F809530227718BE0052CC40 /* Countries.swift in Sources */ = {isa = PBXBuildFile; fileRef = 3F80952F227718BE0052CC40 /* Countries.swift */; };
		3F80ACA62267394600C615DE /* ViewControllerForStorableData.swift in Sources */ = {isa = PBXBuildFile; fileRef = 3F80ACA52267394600C615DE /* ViewControllerForStorableData.swift */; };
		3F80ACAC2267426C00C615DE /* CustomTabBarController.swift in Sources */ = {isa = PBXBuildFile; fileRef = 3F80ACAB2267426C00C615DE /* CustomTabBarController.swift */; };
		3F8B217A2268745000FC8382 /* RatingControl.swift in Sources */ = {isa = PBXBuildFile; fileRef = 3F8B21792268745000FC8382 /* RatingControl.swift */; };
		3F8B219C22688EC600FC8382 /* DataModels.xcdatamodeld in Sources */ = {isa = PBXBuildFile; fileRef = 3F8B219A22688EC600FC8382 /* DataModels.xcdatamodeld */; };
		3F8B219E22688FAA00FC8382 /* CoreDataService.swift in Sources */ = {isa = PBXBuildFile; fileRef = 3F8B219D22688FAA00FC8382 /* CoreDataService.swift */; };
		3F8B21A022688FD000FC8382 /* CoreDataManager.swift in Sources */ = {isa = PBXBuildFile; fileRef = 3F8B219F22688FD000FC8382 /* CoreDataManager.swift */; };
		3F9E4AF6225CB26300514E37 /* Storable.swift in Sources */ = {isa = PBXBuildFile; fileRef = 3F9E4AF5225CB26300514E37 /* Storable.swift */; };
		3FA0DAAE225E0B3900E6E5F3 /* UIViewExtension.swift in Sources */ = {isa = PBXBuildFile; fileRef = 3FA0DAAD225E0B3900E6E5F3 /* UIViewExtension.swift */; };
		3FA0DAB0225E22C900E6E5F3 /* Album.swift in Sources */ = {isa = PBXBuildFile; fileRef = 3FA0DAAF225E22C900E6E5F3 /* Album.swift */; };
		3FA0DAB4225E324600E6E5F3 /* AboutView.swift in Sources */ = {isa = PBXBuildFile; fileRef = 3FA0DAB3225E324600E6E5F3 /* AboutView.swift */; };
		3FA7E40722719FBC00E8CD3B /* UserDefaultsService.swift in Sources */ = {isa = PBXBuildFile; fileRef = 3FA7E40622719FBC00E8CD3B /* UserDefaultsService.swift */; };
		3FA7E4092271BBDE00E8CD3B /* GeoService.swift in Sources */ = {isa = PBXBuildFile; fileRef = 3FA7E4082271BBDE00E8CD3B /* GeoService.swift */; };
		3FA7E40B2271BFC500E8CD3B /* GoogleMapViewController.swift in Sources */ = {isa = PBXBuildFile; fileRef = 3FA7E40A2271BFC500E8CD3B /* GoogleMapViewController.swift */; };
		3FB003DC227B053200DC379F /* UIViewControllerExtension.swift in Sources */ = {isa = PBXBuildFile; fileRef = 3FB003DB227B053200DC379F /* UIViewControllerExtension.swift */; };
		3FD9E4A0224A554900AE3541 /* Main.storyboard in Resources */ = {isa = PBXBuildFile; fileRef = 3FD9E49F224A554900AE3541 /* Main.storyboard */; };
		3FD9E4A2224A58FD00AE3541 /* InfoViewController.swift in Sources */ = {isa = PBXBuildFile; fileRef = 3FD9E4A1224A58FD00AE3541 /* InfoViewController.swift */; };
		CBE8C1B587F881F92710561C /* Pods_Last_fm_client.framework in Frameworks */ = {isa = PBXBuildFile; fileRef = 7647A5FCC4422B0FC4A158F9 /* Pods_Last_fm_client.framework */; };
		E9233B5C225C73CF00F34CA0 /* CustomTableViewCell.swift in Sources */ = {isa = PBXBuildFile; fileRef = E9233B5A225C73CF00F34CA0 /* CustomTableViewCell.swift */; };
		E9233B5D225C73CF00F34CA0 /* CustomTableViewCell.xib in Resources */ = {isa = PBXBuildFile; fileRef = E9233B5B225C73CF00F34CA0 /* CustomTableViewCell.xib */; };
		E9346FF7225B419A00C70DE3 /* HeaderView.xib in Resources */ = {isa = PBXBuildFile; fileRef = E9346FF6225B419A00C70DE3 /* HeaderView.xib */; };
		E9D337B72251002E00DA9363 /* HeaderView.swift in Sources */ = {isa = PBXBuildFile; fileRef = E9D337B62251002E00DA9363 /* HeaderView.swift */; };
		E9DAFA65224A22C900FC1BB7 /* Track.swift in Sources */ = {isa = PBXBuildFile; fileRef = E9DAFA64224A22C900FC1BB7 /* Track.swift */; };
		E9E6E92B224979B5003BFD02 /* APIService.swift in Sources */ = {isa = PBXBuildFile; fileRef = E9E6E92A224979B5003BFD02 /* APIService.swift */; };
		E9E6E93822499D77003BFD02 /* RoundedImageView.swift in Sources */ = {isa = PBXBuildFile; fileRef = E9E6E93722499D77003BFD02 /* RoundedImageView.swift */; };
/* End PBXBuildFile section */

/* Begin PBXFileReference section */
		3F044279226F1F2300FAFF32 /* CustomBar.swift */ = {isa = PBXFileReference; lastKnownFileType = sourcecode.swift; path = CustomBar.swift; sourceTree = "<group>"; };
		3F04427B226F69FA00FAFF32 /* CustomButton.swift */ = {isa = PBXFileReference; lastKnownFileType = sourcecode.swift; path = CustomButton.swift; sourceTree = "<group>"; };
		3F04FFFA2254BB4700C48292 /* CALayerExtension.swift */ = {isa = PBXFileReference; lastKnownFileType = sourcecode.swift; path = CALayerExtension.swift; sourceTree = "<group>"; };
		3F04FFFC2254BB9500C48292 /* IntExtension.swift */ = {isa = PBXFileReference; lastKnownFileType = sourcecode.swift; path = IntExtension.swift; sourceTree = "<group>"; };
		3F2AC969225B63F900492D42 /* CustomSearchBar.swift */ = {isa = PBXFileReference; lastKnownFileType = sourcecode.swift; path = CustomSearchBar.swift; sourceTree = "<group>"; };
		3F2AC96F225B7F9700492D42 /* InfoView.xib */ = {isa = PBXFileReference; lastKnownFileType = file.xib; path = InfoView.xib; sourceTree = "<group>"; };
		3F2AC971225B826E00492D42 /* InfoView.swift */ = {isa = PBXFileReference; lastKnownFileType = sourcecode.swift; path = InfoView.swift; sourceTree = "<group>"; };
		3F2AC975225B9A0300492D42 /* CustomCollectionViewCell.swift */ = {isa = PBXFileReference; lastKnownFileType = sourcecode.swift; path = CustomCollectionViewCell.swift; sourceTree = "<group>"; };
		3F2AC978225BB1B100492D42 /* CollectionViewCell.xib */ = {isa = PBXFileReference; lastKnownFileType = file.xib; path = CollectionViewCell.xib; sourceTree = "<group>"; };
		3F2EB07F224CA28800AEE3DE /* SearchViewController.swift */ = {isa = PBXFileReference; lastKnownFileType = sourcecode.swift; path = SearchViewController.swift; sourceTree = "<group>"; };
		3F43A8B7224904B4002E676C /* Last.fm client.app */ = {isa = PBXFileReference; explicitFileType = wrapper.application; includeInIndex = 0; path = "Last.fm client.app"; sourceTree = BUILT_PRODUCTS_DIR; };
		3F43A8BA224904B4002E676C /* AppDelegate.swift */ = {isa = PBXFileReference; lastKnownFileType = sourcecode.swift; path = AppDelegate.swift; sourceTree = "<group>"; };
		3F43A8C1224904B4002E676C /* Assets.xcassets */ = {isa = PBXFileReference; lastKnownFileType = folder.assetcatalog; path = Assets.xcassets; sourceTree = "<group>"; };
		3F43A8C4224904B4002E676C /* Base */ = {isa = PBXFileReference; lastKnownFileType = file.storyboard; name = Base; path = Base.lproj/LaunchScreen.storyboard; sourceTree = "<group>"; };
		3F43A8C6224904B4002E676C /* Info.plist */ = {isa = PBXFileReference; lastKnownFileType = text.plist.xml; path = Info.plist; sourceTree = "<group>"; };
		3F43A8CD2249184A002E676C /* HTTPClient.swift */ = {isa = PBXFileReference; lastKnownFileType = sourcecode.swift; path = HTTPClient.swift; sourceTree = "<group>"; };
		3F43A8D222491B81002E676C /* Artist.swift */ = {isa = PBXFileReference; lastKnownFileType = sourcecode.swift; path = Artist.swift; sourceTree = "<group>"; };
		3F6FC28F225F11DA00133E26 /* AboutView.xib */ = {isa = PBXFileReference; lastKnownFileType = file.xib; path = AboutView.xib; sourceTree = "<group>"; };
		3F6FC291225F2B9700133E26 /* SimilarView.xib */ = {isa = PBXFileReference; lastKnownFileType = file.xib; path = SimilarView.xib; sourceTree = "<group>"; };
		3F6FC293225F2C3500133E26 /* SimilarView.swift */ = {isa = PBXFileReference; lastKnownFileType = sourcecode.swift; path = SimilarView.swift; sourceTree = "<group>"; };
		3F6FC295225F2FC700133E26 /* AlbumView.xib */ = {isa = PBXFileReference; lastKnownFileType = file.xib; path = AlbumView.xib; sourceTree = "<group>"; };
		3F6FC297225F300200133E26 /* AlbumView.swift */ = {isa = PBXFileReference; lastKnownFileType = sourcecode.swift; path = AlbumView.swift; sourceTree = "<group>"; };
		3F6FC42E2255DB260051CE06 /* TableViewActivityIndicator.swift */ = {isa = PBXFileReference; lastKnownFileType = sourcecode.swift; path = TableViewActivityIndicator.swift; sourceTree = "<group>"; };
		3F6FC430225621650051CE06 /* StringExtension.swift */ = {isa = PBXFileReference; lastKnownFileType = sourcecode.swift; path = StringExtension.swift; sourceTree = "<group>"; };
		3F76104A22660CF3007D1792 /* CacheManager.swift */ = {isa = PBXFileReference; lastKnownFileType = sourcecode.swift; path = CacheManager.swift; sourceTree = "<group>"; };
		3F7FFF002264A5D2005AF46F /* ImageLoader.swift */ = {isa = PBXFileReference; lastKnownFileType = sourcecode.swift; path = ImageLoader.swift; sourceTree = "<group>"; };
		3F7FFF072264C956005AF46F /* Cache.swift */ = {isa = PBXFileReference; lastKnownFileType = sourcecode.swift; path = Cache.swift; sourceTree = "<group>"; };
		3F7FFF092264C9EF005AF46F /* DiskCache.swift */ = {isa = PBXFileReference; lastKnownFileType = sourcecode.swift; path = DiskCache.swift; sourceTree = "<group>"; };
		3F7FFF0B2264CA2A005AF46F /* MemoryCache.swift */ = {isa = PBXFileReference; lastKnownFileType = sourcecode.swift; path = MemoryCache.swift; sourceTree = "<group>"; };
		3F7FFF0D2264CA76005AF46F /* ImageCacheManager.swift */ = {isa = PBXFileReference; lastKnownFileType = sourcecode.swift; path = ImageCacheManager.swift; sourceTree = "<group>"; };
		3F7FFF112264D856005AF46F /* URLExtension.swift */ = {isa = PBXFileReference; lastKnownFileType = sourcecode.swift; path = URLExtension.swift; sourceTree = "<group>"; };
		3F80952F227718BE0052CC40 /* Countries.swift */ = {isa = PBXFileReference; lastKnownFileType = sourcecode.swift; path = Countries.swift; sourceTree = "<group>"; };
		3F80ACA52267394600C615DE /* ViewControllerForStorableData.swift */ = {isa = PBXFileReference; lastKnownFileType = sourcecode.swift; path = ViewControllerForStorableData.swift; sourceTree = "<group>"; };
		3F80ACAB2267426C00C615DE /* CustomTabBarController.swift */ = {isa = PBXFileReference; lastKnownFileType = sourcecode.swift; path = CustomTabBarController.swift; sourceTree = "<group>"; };
		3F8B21792268745000FC8382 /* RatingControl.swift */ = {isa = PBXFileReference; lastKnownFileType = sourcecode.swift; path = RatingControl.swift; sourceTree = "<group>"; };
		3F8B219B22688EC600FC8382 /* DataModels.xcdatamodel */ = {isa = PBXFileReference; lastKnownFileType = wrapper.xcdatamodel; path = DataModels.xcdatamodel; sourceTree = "<group>"; };
		3F8B219D22688FAA00FC8382 /* CoreDataService.swift */ = {isa = PBXFileReference; lastKnownFileType = sourcecode.swift; path = CoreDataService.swift; sourceTree = "<group>"; };
		3F8B219F22688FD000FC8382 /* CoreDataManager.swift */ = {isa = PBXFileReference; lastKnownFileType = sourcecode.swift; path = CoreDataManager.swift; sourceTree = "<group>"; };
		3F9E4AF5225CB26300514E37 /* Storable.swift */ = {isa = PBXFileReference; lastKnownFileType = sourcecode.swift; path = Storable.swift; sourceTree = "<group>"; };
		3FA0DAAD225E0B3900E6E5F3 /* UIViewExtension.swift */ = {isa = PBXFileReference; lastKnownFileType = sourcecode.swift; path = UIViewExtension.swift; sourceTree = "<group>"; };
		3FA0DAAF225E22C900E6E5F3 /* Album.swift */ = {isa = PBXFileReference; lastKnownFileType = sourcecode.swift; path = Album.swift; sourceTree = "<group>"; };
		3FA0DAB3225E324600E6E5F3 /* AboutView.swift */ = {isa = PBXFileReference; lastKnownFileType = sourcecode.swift; path = AboutView.swift; sourceTree = "<group>"; };
		3FA7E40622719FBC00E8CD3B /* UserDefaultsService.swift */ = {isa = PBXFileReference; lastKnownFileType = sourcecode.swift; path = UserDefaultsService.swift; sourceTree = "<group>"; };
		3FA7E4082271BBDE00E8CD3B /* GeoService.swift */ = {isa = PBXFileReference; lastKnownFileType = sourcecode.swift; path = GeoService.swift; sourceTree = "<group>"; };
		3FA7E40A2271BFC500E8CD3B /* GoogleMapViewController.swift */ = {isa = PBXFileReference; lastKnownFileType = sourcecode.swift; path = GoogleMapViewController.swift; sourceTree = "<group>"; };
		3FB003DB227B053200DC379F /* UIViewControllerExtension.swift */ = {isa = PBXFileReference; lastKnownFileType = sourcecode.swift; path = UIViewControllerExtension.swift; sourceTree = "<group>"; };
		3FD9E49F224A554900AE3541 /* Main.storyboard */ = {isa = PBXFileReference; fileEncoding = 4; lastKnownFileType = file.storyboard; path = Main.storyboard; sourceTree = "<group>"; };
		3FD9E4A1224A58FD00AE3541 /* InfoViewController.swift */ = {isa = PBXFileReference; lastKnownFileType = sourcecode.swift; path = InfoViewController.swift; sourceTree = "<group>"; };
		69E294A2364B171FBAC5BB88 /* Pods-Last.fm client.release.xcconfig */ = {isa = PBXFileReference; includeInIndex = 1; lastKnownFileType = text.xcconfig; name = "Pods-Last.fm client.release.xcconfig"; path = "Target Support Files/Pods-Last.fm client/Pods-Last.fm client.release.xcconfig"; sourceTree = "<group>"; };
		7647A5FCC4422B0FC4A158F9 /* Pods_Last_fm_client.framework */ = {isa = PBXFileReference; explicitFileType = wrapper.framework; includeInIndex = 0; path = Pods_Last_fm_client.framework; sourceTree = BUILT_PRODUCTS_DIR; };
		E9233B5A225C73CF00F34CA0 /* CustomTableViewCell.swift */ = {isa = PBXFileReference; lastKnownFileType = sourcecode.swift; path = CustomTableViewCell.swift; sourceTree = "<group>"; };
		E9233B5B225C73CF00F34CA0 /* CustomTableViewCell.xib */ = {isa = PBXFileReference; lastKnownFileType = file.xib; path = CustomTableViewCell.xib; sourceTree = "<group>"; };
		E9346FF6225B419A00C70DE3 /* HeaderView.xib */ = {isa = PBXFileReference; lastKnownFileType = file.xib; path = HeaderView.xib; sourceTree = "<group>"; };
		E9D337B62251002E00DA9363 /* HeaderView.swift */ = {isa = PBXFileReference; lastKnownFileType = sourcecode.swift; path = HeaderView.swift; sourceTree = "<group>"; };
		E9DAFA64224A22C900FC1BB7 /* Track.swift */ = {isa = PBXFileReference; lastKnownFileType = sourcecode.swift; path = Track.swift; sourceTree = "<group>"; };
		E9E6E92A224979B5003BFD02 /* APIService.swift */ = {isa = PBXFileReference; lastKnownFileType = sourcecode.swift; path = APIService.swift; sourceTree = "<group>"; };
		E9E6E93722499D77003BFD02 /* RoundedImageView.swift */ = {isa = PBXFileReference; lastKnownFileType = sourcecode.swift; path = RoundedImageView.swift; sourceTree = "<group>"; };
		F13DC256ED07955FE5E87E2B /* Pods-Last.fm client.debug.xcconfig */ = {isa = PBXFileReference; includeInIndex = 1; lastKnownFileType = text.xcconfig; name = "Pods-Last.fm client.debug.xcconfig"; path = "Target Support Files/Pods-Last.fm client/Pods-Last.fm client.debug.xcconfig"; sourceTree = "<group>"; };
/* End PBXFileReference section */

/* Begin PBXFrameworksBuildPhase section */
		3F43A8B4224904B4002E676C /* Frameworks */ = {
			isa = PBXFrameworksBuildPhase;
			buildActionMask = 2147483647;
			files = (
				CBE8C1B587F881F92710561C /* Pods_Last_fm_client.framework in Frameworks */,
			);
			runOnlyForDeploymentPostprocessing = 0;
		};
/* End PBXFrameworksBuildPhase section */

/* Begin PBXGroup section */
		3F0400002254F39000C48292 /* Services */ = {
			isa = PBXGroup;
			children = (
				E9E6E92A224979B5003BFD02 /* APIService.swift */,
				3F8B219D22688FAA00FC8382 /* CoreDataService.swift */,
				3FA7E40622719FBC00E8CD3B /* UserDefaultsService.swift */,
				3FA7E4082271BBDE00E8CD3B /* GeoService.swift */,
			);
			path = Services;
			sourceTree = "<group>";
		};
		3F04FFF92254BB1000C48292 /* Extensions */ = {
			isa = PBXGroup;
			children = (
				3F04FFFA2254BB4700C48292 /* CALayerExtension.swift */,
				3FB003DB227B053200DC379F /* UIViewControllerExtension.swift */,
				3F04FFFC2254BB9500C48292 /* IntExtension.swift */,
				3F6FC430225621650051CE06 /* StringExtension.swift */,
				3FA0DAAD225E0B3900E6E5F3 /* UIViewExtension.swift */,
				3F7FFF112264D856005AF46F /* URLExtension.swift */,
			);
			path = Extensions;
			sourceTree = "<group>";
		};
		3F43A8AE224904B4002E676C = {
			isa = PBXGroup;
			children = (
				3F43A8B9224904B4002E676C /* Last.fm client */,
				3F43A8B8224904B4002E676C /* Products */,
				D6301348EADBC07202569EE4 /* Pods */,
				9365B2DAD23E641A3371436E /* Frameworks */,
			);
			sourceTree = "<group>";
		};
		3F43A8B8224904B4002E676C /* Products */ = {
			isa = PBXGroup;
			children = (
				3F43A8B7224904B4002E676C /* Last.fm client.app */,
			);
			name = Products;
			sourceTree = "<group>";
		};
		3F43A8B9224904B4002E676C /* Last.fm client */ = {
			isa = PBXGroup;
			children = (
				3F8B219922688E9D00FC8382 /* Core Data */,
				3FECB265224BC95A00D60B75 /* Support Files */,
				3F7FFF042264C8FF005AF46F /* CacheManager */,
				3F04FFF92254BB1000C48292 /* Extensions */,
				3F43A8CC224917D8002E676C /* Networking */,
				3F43A8D122491B66002E676C /* Models */,
				3F0400002254F39000C48292 /* Services */,
				E9E6E93022499AA0003BFD02 /* Views */,
				3FECB264224BC92E00D60B75 /* Controllers */,
				3F43A8C6224904B4002E676C /* Info.plist */,
			);
			path = "Last.fm client";
			sourceTree = "<group>";
		};
		3F43A8CC224917D8002E676C /* Networking */ = {
			isa = PBXGroup;
			children = (
				3F43A8CD2249184A002E676C /* HTTPClient.swift */,
				3F7FFF002264A5D2005AF46F /* ImageLoader.swift */,
			);
			path = Networking;
			sourceTree = "<group>";
		};
		3F43A8D122491B66002E676C /* Models */ = {
			isa = PBXGroup;
			children = (
				3F43A8D222491B81002E676C /* Artist.swift */,
				E9DAFA64224A22C900FC1BB7 /* Track.swift */,
				3FA0DAAF225E22C900E6E5F3 /* Album.swift */,
				3F9E4AF5225CB26300514E37 /* Storable.swift */,
			);
			path = Models;
			sourceTree = "<group>";
		};
		3F6FC29B225F35FB00133E26 /* AlbumView */ = {
			isa = PBXGroup;
			children = (
				3F6FC295225F2FC700133E26 /* AlbumView.xib */,
				3F6FC297225F300200133E26 /* AlbumView.swift */,
			);
			path = AlbumView;
			sourceTree = "<group>";
		};
		3F6FC29C225F361100133E26 /* AboutView */ = {
			isa = PBXGroup;
			children = (
				3F6FC28F225F11DA00133E26 /* AboutView.xib */,
				3FA0DAB3225E324600E6E5F3 /* AboutView.swift */,
			);
			path = AboutView;
			sourceTree = "<group>";
		};
		3F6FC29D225F362800133E26 /* SimilarView */ = {
			isa = PBXGroup;
			children = (
				3F6FC291225F2B9700133E26 /* SimilarView.xib */,
				3F6FC293225F2C3500133E26 /* SimilarView.swift */,
			);
			path = SimilarView;
			sourceTree = "<group>";
		};
		3F6FC29E225F363D00133E26 /* InfoView */ = {
			isa = PBXGroup;
			children = (
				3F2AC96F225B7F9700492D42 /* InfoView.xib */,
				3F2AC971225B826E00492D42 /* InfoView.swift */,
			);
			path = InfoView;
			sourceTree = "<group>";
		};
		3F6FC29F225F365200133E26 /* HeaderView */ = {
			isa = PBXGroup;
			children = (
				E9346FF6225B419A00C70DE3 /* HeaderView.xib */,
				E9D337B62251002E00DA9363 /* HeaderView.swift */,
			);
			path = HeaderView;
			sourceTree = "<group>";
		};
		3F6FC2A0225F367100133E26 /* CustomTableViewCell */ = {
			isa = PBXGroup;
			children = (
				E9233B5B225C73CF00F34CA0 /* CustomTableViewCell.xib */,
				E9233B5A225C73CF00F34CA0 /* CustomTableViewCell.swift */,
			);
			path = CustomTableViewCell;
			sourceTree = "<group>";
		};
		3F6FC2A1225F368A00133E26 /* CustomCollectionViewCell */ = {
			isa = PBXGroup;
			children = (
				3F2AC978225BB1B100492D42 /* CollectionViewCell.xib */,
				3F2AC975225B9A0300492D42 /* CustomCollectionViewCell.swift */,
			);
			path = CustomCollectionViewCell;
			sourceTree = "<group>";
		};
		3F7FFF042264C8FF005AF46F /* CacheManager */ = {
			isa = PBXGroup;
			children = (
				3F7FFF072264C956005AF46F /* Cache.swift */,
				3F7FFF092264C9EF005AF46F /* DiskCache.swift */,
				3F7FFF0B2264CA2A005AF46F /* MemoryCache.swift */,
				3F76104A22660CF3007D1792 /* CacheManager.swift */,
				3F7FFF0D2264CA76005AF46F /* ImageCacheManager.swift */,
			);
			path = CacheManager;
			sourceTree = "<group>";
		};
		3F8B219922688E9D00FC8382 /* Core Data */ = {
			isa = PBXGroup;
			children = (
				3F8B219A22688EC600FC8382 /* DataModels.xcdatamodeld */,
				3F8B219F22688FD000FC8382 /* CoreDataManager.swift */,
			);
			path = "Core Data";
			sourceTree = "<group>";
		};
		3FECB264224BC92E00D60B75 /* Controllers */ = {
			isa = PBXGroup;
			children = (
				3F80ACA52267394600C615DE /* ViewControllerForStorableData.swift */,
				3F2EB07F224CA28800AEE3DE /* SearchViewController.swift */,
				3FD9E4A1224A58FD00AE3541 /* InfoViewController.swift */,
				3F80ACAB2267426C00C615DE /* CustomTabBarController.swift */,
				3FA7E40A2271BFC500E8CD3B /* GoogleMapViewController.swift */,
			);
			path = Controllers;
			sourceTree = "<group>";
		};
		3FECB265224BC95A00D60B75 /* Support Files */ = {
			isa = PBXGroup;
			children = (
				3F43A8BA224904B4002E676C /* AppDelegate.swift */,
				3F43A8C1224904B4002E676C /* Assets.xcassets */,
				3F43A8C3224904B4002E676C /* LaunchScreen.storyboard */,
				3F80952F227718BE0052CC40 /* Countries.swift */,
			);
			path = "Support Files";
			sourceTree = "<group>";
		};
		9365B2DAD23E641A3371436E /* Frameworks */ = {
			isa = PBXGroup;
			children = (
				7647A5FCC4422B0FC4A158F9 /* Pods_Last_fm_client.framework */,
			);
			name = Frameworks;
			sourceTree = "<group>";
		};
		D6301348EADBC07202569EE4 /* Pods */ = {
			isa = PBXGroup;
			children = (
				F13DC256ED07955FE5E87E2B /* Pods-Last.fm client.debug.xcconfig */,
				69E294A2364B171FBAC5BB88 /* Pods-Last.fm client.release.xcconfig */,
			);
			path = Pods;
			sourceTree = "<group>";
		};
		E9E6E93022499AA0003BFD02 /* Views */ = {
			isa = PBXGroup;
			children = (
				3FD9E49F224A554900AE3541 /* Main.storyboard */,
				3F044279226F1F2300FAFF32 /* CustomBar.swift */,
				3F04427B226F69FA00FAFF32 /* CustomButton.swift */,
				E9E6E93722499D77003BFD02 /* RoundedImageView.swift */,
				3F2AC969225B63F900492D42 /* CustomSearchBar.swift */,
				3F6FC42E2255DB260051CE06 /* TableViewActivityIndicator.swift */,
				3F8B21792268745000FC8382 /* RatingControl.swift */,
				3F6FC2A1225F368A00133E26 /* CustomCollectionViewCell */,
				3F6FC2A0225F367100133E26 /* CustomTableViewCell */,
				3F6FC29F225F365200133E26 /* HeaderView */,
				3F6FC29E225F363D00133E26 /* InfoView */,
				3F6FC29D225F362800133E26 /* SimilarView */,
				3F6FC29C225F361100133E26 /* AboutView */,
				3F6FC29B225F35FB00133E26 /* AlbumView */,
			);
			path = Views;
			sourceTree = "<group>";
		};
/* End PBXGroup section */

/* Begin PBXNativeTarget section */
		3F43A8B6224904B4002E676C /* Last.fm client */ = {
			isa = PBXNativeTarget;
			buildConfigurationList = 3F43A8C9224904B4002E676C /* Build configuration list for PBXNativeTarget "Last.fm client" */;
			buildPhases = (
				8FE8FDF76F4286AD6764EEF0 /* [CP] Check Pods Manifest.lock */,
				3F43A8B3224904B4002E676C /* Sources */,
				3F43A8B4224904B4002E676C /* Frameworks */,
				3F43A8B5224904B4002E676C /* Resources */,
				8CB4EC4361BC5666AA9C0224 /* [CP] Embed Pods Frameworks */,
				B59BA81C9C817F25D231E2A4 /* [CP] Copy Pods Resources */,
			);
			buildRules = (
			);
			dependencies = (
			);
			name = "Last.fm client";
			productName = "Last.fm client";
			productReference = 3F43A8B7224904B4002E676C /* Last.fm client.app */;
			productType = "com.apple.product-type.application";
		};
/* End PBXNativeTarget section */

/* Begin PBXProject section */
		3F43A8AF224904B4002E676C /* Project object */ = {
			isa = PBXProject;
			attributes = {
				LastSwiftUpdateCheck = 1010;
				LastUpgradeCheck = 1010;
				ORGANIZATIONNAME = student;
				TargetAttributes = {
					3F43A8B6224904B4002E676C = {
						CreatedOnToolsVersion = 10.1;
					};
				};
			};
			buildConfigurationList = 3F43A8B2224904B4002E676C /* Build configuration list for PBXProject "Last.fm client" */;
			compatibilityVersion = "Xcode 9.3";
			developmentRegion = en;
			hasScannedForEncodings = 0;
			knownRegions = (
				en,
				Base,
			);
			mainGroup = 3F43A8AE224904B4002E676C;
			productRefGroup = 3F43A8B8224904B4002E676C /* Products */;
			projectDirPath = "";
			projectRoot = "";
			targets = (
				3F43A8B6224904B4002E676C /* Last.fm client */,
			);
		};
/* End PBXProject section */

/* Begin PBXResourcesBuildPhase section */
		3F43A8B5224904B4002E676C /* Resources */ = {
			isa = PBXResourcesBuildPhase;
			buildActionMask = 2147483647;
			files = (
				3F6FC296225F2FC700133E26 /* AlbumView.xib in Resources */,
				3F2AC970225B7F9700492D42 /* InfoView.xib in Resources */,
				3FD9E4A0224A554900AE3541 /* Main.storyboard in Resources */,
				E9346FF7225B419A00C70DE3 /* HeaderView.xib in Resources */,
				3F43A8C5224904B4002E676C /* LaunchScreen.storyboard in Resources */,
				3F6FC290225F11DA00133E26 /* AboutView.xib in Resources */,
				3F43A8C2224904B4002E676C /* Assets.xcassets in Resources */,
				E9233B5D225C73CF00F34CA0 /* CustomTableViewCell.xib in Resources */,
				3F2AC97A225BB1B100492D42 /* CollectionViewCell.xib in Resources */,
				3F6FC292225F2B9700133E26 /* SimilarView.xib in Resources */,
			);
			runOnlyForDeploymentPostprocessing = 0;
		};
/* End PBXResourcesBuildPhase section */

/* Begin PBXShellScriptBuildPhase section */
		8CB4EC4361BC5666AA9C0224 /* [CP] Embed Pods Frameworks */ = {
			isa = PBXShellScriptBuildPhase;
			buildActionMask = 2147483647;
			files = (
			);
			inputFileListPaths = (
			);
			inputPaths = (
				"${PODS_ROOT}/Target Support Files/Pods-Last.fm client/Pods-Last.fm client-frameworks.sh",
				"${BUILT_PRODUCTS_DIR}/SwiftyJSON/SwiftyJSON.framework",
			);
			name = "[CP] Embed Pods Frameworks";
			outputFileListPaths = (
			);
			outputPaths = (
				"${TARGET_BUILD_DIR}/${FRAMEWORKS_FOLDER_PATH}/SwiftyJSON.framework",
			);
			runOnlyForDeploymentPostprocessing = 0;
			shellPath = /bin/sh;
			shellScript = "\"${PODS_ROOT}/Target Support Files/Pods-Last.fm client/Pods-Last.fm client-frameworks.sh\"\nif which swiftlint >/dev/null; then\nswiftlint\nelse\necho \"warning: SwiftLint not installed, download from https://github.com/realm/SwiftLint\"\nfi\n";
			showEnvVarsInLog = 0;
		};
		8FE8FDF76F4286AD6764EEF0 /* [CP] Check Pods Manifest.lock */ = {
			isa = PBXShellScriptBuildPhase;
			buildActionMask = 2147483647;
			files = (
			);
			inputFileListPaths = (
			);
			inputPaths = (
				"${PODS_PODFILE_DIR_PATH}/Podfile.lock",
				"${PODS_ROOT}/Manifest.lock",
			);
			name = "[CP] Check Pods Manifest.lock";
			outputFileListPaths = (
			);
			outputPaths = (
				"$(DERIVED_FILE_DIR)/Pods-Last.fm client-checkManifestLockResult.txt",
			);
			runOnlyForDeploymentPostprocessing = 0;
			shellPath = /bin/sh;
			shellScript = "diff \"${PODS_PODFILE_DIR_PATH}/Podfile.lock\" \"${PODS_ROOT}/Manifest.lock\" > /dev/null\nif [ $? != 0 ] ; then\n    # print error to STDERR\n    echo \"error: The sandbox is not in sync with the Podfile.lock. Run 'pod install' or update your CocoaPods installation.\" >&2\n    exit 1\nfi\n# This output is used by Xcode 'outputs' to avoid re-running this script phase.\necho \"SUCCESS\" > \"${SCRIPT_OUTPUT_FILE_0}\"\n";
			showEnvVarsInLog = 0;
		};
		B59BA81C9C817F25D231E2A4 /* [CP] Copy Pods Resources */ = {
			isa = PBXShellScriptBuildPhase;
			buildActionMask = 2147483647;
			files = (
			);
			inputFileListPaths = (
			);
			inputPaths = (
				"${PODS_ROOT}/Target Support Files/Pods-Last.fm client/Pods-Last.fm client-resources.sh",
				"${PODS_ROOT}/GoogleMaps/Maps/Frameworks/GoogleMaps.framework/Resources/GoogleMaps.bundle",
				"${PODS_ROOT}/GooglePlaces/Frameworks/GooglePlaces.framework/Resources/GooglePlaces.bundle",
			);
			name = "[CP] Copy Pods Resources";
			outputFileListPaths = (
			);
			outputPaths = (
				"${TARGET_BUILD_DIR}/${UNLOCALIZED_RESOURCES_FOLDER_PATH}/GoogleMaps.bundle",
				"${TARGET_BUILD_DIR}/${UNLOCALIZED_RESOURCES_FOLDER_PATH}/GooglePlaces.bundle",
			);
			runOnlyForDeploymentPostprocessing = 0;
			shellPath = /bin/sh;
			shellScript = "\"${PODS_ROOT}/Target Support Files/Pods-Last.fm client/Pods-Last.fm client-resources.sh\"\n";
			showEnvVarsInLog = 0;
		};
/* End PBXShellScriptBuildPhase section */

/* Begin PBXSourcesBuildPhase section */
		3F43A8B3224904B4002E676C /* Sources */ = {
			isa = PBXSourcesBuildPhase;
			buildActionMask = 2147483647;
			files = (
				E9E6E92B224979B5003BFD02 /* APIService.swift in Sources */,
				3F04427C226F69FA00FAFF32 /* CustomButton.swift in Sources */,
				3F8B217A2268745000FC8382 /* RatingControl.swift in Sources */,
				3F9E4AF6225CB26300514E37 /* Storable.swift in Sources */,
				3F6FC298225F300200133E26 /* AlbumView.swift in Sources */,
				3FD9E4A2224A58FD00AE3541 /* InfoViewController.swift in Sources */,
				E9E6E93822499D77003BFD02 /* RoundedImageView.swift in Sources */,
				3F8B21A022688FD000FC8382 /* CoreDataManager.swift in Sources */,
				3F04FFFD2254BB9500C48292 /* IntExtension.swift in Sources */,
				3F8B219E22688FAA00FC8382 /* CoreDataService.swift in Sources */,
				E9233B5C225C73CF00F34CA0 /* CustomTableViewCell.swift in Sources */,
				E9DAFA65224A22C900FC1BB7 /* Track.swift in Sources */,
				3FA7E40722719FBC00E8CD3B /* UserDefaultsService.swift in Sources */,
				3FA7E4092271BBDE00E8CD3B /* GeoService.swift in Sources */,
				3F6FC42F2255DB260051CE06 /* TableViewActivityIndicator.swift in Sources */,
				3F7FFF122264D856005AF46F /* URLExtension.swift in Sources */,
				3F80ACAC2267426C00C615DE /* CustomTabBarController.swift in Sources */,
				3F7FFF0E2264CA76005AF46F /* ImageCacheManager.swift in Sources */,
				3F7FFF0A2264C9EF005AF46F /* DiskCache.swift in Sources */,
				3F2EB080224CA28800AEE3DE /* SearchViewController.swift in Sources */,
				3F7FFF012264A5D2005AF46F /* ImageLoader.swift in Sources */,
				3F04427A226F1F2300FAFF32 /* CustomBar.swift in Sources */,
				3F6FC431225621650051CE06 /* StringExtension.swift in Sources */,
				3F7FFF082264C956005AF46F /* Cache.swift in Sources */,
				3F2AC972225B826E00492D42 /* InfoView.swift in Sources */,
				3FA0DAB4225E324600E6E5F3 /* AboutView.swift in Sources */,
				3F43A8BB224904B4002E676C /* AppDelegate.swift in Sources */,
				3F43A8D322491B81002E676C /* Artist.swift in Sources */,
				3FB003DC227B053200DC379F /* UIViewControllerExtension.swift in Sources */,
				3F7FFF0C2264CA2A005AF46F /* MemoryCache.swift in Sources */,
				3F6FC294225F2C3500133E26 /* SimilarView.swift in Sources */,
				3FA7E40B2271BFC500E8CD3B /* GoogleMapViewController.swift in Sources */,
				E9D337B72251002E00DA9363 /* HeaderView.swift in Sources */,
				3F8B219C22688EC600FC8382 /* DataModels.xcdatamodeld in Sources */,
				3F43A8CE2249184A002E676C /* HTTPClient.swift in Sources */,
				3F2AC96A225B63F900492D42 /* CustomSearchBar.swift in Sources */,
				3FA0DAAE225E0B3900E6E5F3 /* UIViewExtension.swift in Sources */,
				3F76104B22660CF3007D1792 /* CacheManager.swift in Sources */,
				3FA0DAB0225E22C900E6E5F3 /* Album.swift in Sources */,
				3F80ACA62267394600C615DE /* ViewControllerForStorableData.swift in Sources */,
				3F04FFFB2254BB4700C48292 /* CALayerExtension.swift in Sources */,
				3F809530227718BE0052CC40 /* Countries.swift in Sources */,
				3F2AC976225B9A0300492D42 /* CustomCollectionViewCell.swift in Sources */,
			);
			runOnlyForDeploymentPostprocessing = 0;
		};
/* End PBXSourcesBuildPhase section */

/* Begin PBXVariantGroup section */
		3F43A8C3224904B4002E676C /* LaunchScreen.storyboard */ = {
			isa = PBXVariantGroup;
			children = (
				3F43A8C4224904B4002E676C /* Base */,
			);
			name = LaunchScreen.storyboard;
			sourceTree = "<group>";
		};
/* End PBXVariantGroup section */

/* Begin XCBuildConfiguration section */
		3F43A8C7224904B4002E676C /* Debug */ = {
			isa = XCBuildConfiguration;
			buildSettings = {
				ALWAYS_SEARCH_USER_PATHS = NO;
				CLANG_ANALYZER_NONNULL = YES;
				CLANG_ANALYZER_NUMBER_OBJECT_CONVERSION = YES_AGGRESSIVE;
				CLANG_CXX_LANGUAGE_STANDARD = "gnu++14";
				CLANG_CXX_LIBRARY = "libc++";
				CLANG_ENABLE_MODULES = YES;
				CLANG_ENABLE_OBJC_ARC = YES;
				CLANG_ENABLE_OBJC_WEAK = YES;
				CLANG_WARN_BLOCK_CAPTURE_AUTORELEASING = YES;
				CLANG_WARN_BOOL_CONVERSION = YES;
				CLANG_WARN_COMMA = YES;
				CLANG_WARN_CONSTANT_CONVERSION = YES;
				CLANG_WARN_DEPRECATED_OBJC_IMPLEMENTATIONS = YES;
				CLANG_WARN_DIRECT_OBJC_ISA_USAGE = YES_ERROR;
				CLANG_WARN_DOCUMENTATION_COMMENTS = YES;
				CLANG_WARN_EMPTY_BODY = YES;
				CLANG_WARN_ENUM_CONVERSION = YES;
				CLANG_WARN_INFINITE_RECURSION = YES;
				CLANG_WARN_INT_CONVERSION = YES;
				CLANG_WARN_NON_LITERAL_NULL_CONVERSION = YES;
				CLANG_WARN_OBJC_IMPLICIT_RETAIN_SELF = YES;
				CLANG_WARN_OBJC_LITERAL_CONVERSION = YES;
				CLANG_WARN_OBJC_ROOT_CLASS = YES_ERROR;
				CLANG_WARN_RANGE_LOOP_ANALYSIS = YES;
				CLANG_WARN_STRICT_PROTOTYPES = YES;
				CLANG_WARN_SUSPICIOUS_MOVE = YES;
				CLANG_WARN_UNGUARDED_AVAILABILITY = YES_AGGRESSIVE;
				CLANG_WARN_UNREACHABLE_CODE = YES;
				CLANG_WARN__DUPLICATE_METHOD_MATCH = YES;
				CODE_SIGN_IDENTITY = "iPhone Developer";
				COPY_PHASE_STRIP = NO;
				DEBUG_INFORMATION_FORMAT = dwarf;
				ENABLE_STRICT_OBJC_MSGSEND = YES;
				ENABLE_TESTABILITY = YES;
				GCC_C_LANGUAGE_STANDARD = gnu11;
				GCC_DYNAMIC_NO_PIC = NO;
				GCC_NO_COMMON_BLOCKS = YES;
				GCC_OPTIMIZATION_LEVEL = 0;
				GCC_PREPROCESSOR_DEFINITIONS = (
					"DEBUG=1",
					"$(inherited)",
				);
				GCC_WARN_64_TO_32_BIT_CONVERSION = YES;
				GCC_WARN_ABOUT_RETURN_TYPE = YES_ERROR;
				GCC_WARN_UNDECLARED_SELECTOR = YES;
				GCC_WARN_UNINITIALIZED_AUTOS = YES_AGGRESSIVE;
				GCC_WARN_UNUSED_FUNCTION = YES;
				GCC_WARN_UNUSED_VARIABLE = YES;
				IPHONEOS_DEPLOYMENT_TARGET = 12.1;
				MTL_ENABLE_DEBUG_INFO = INCLUDE_SOURCE;
				MTL_FAST_MATH = YES;
				ONLY_ACTIVE_ARCH = YES;
				SDKROOT = iphoneos;
				SWIFT_ACTIVE_COMPILATION_CONDITIONS = DEBUG;
				SWIFT_OPTIMIZATION_LEVEL = "-Onone";
			};
			name = Debug;
		};
		3F43A8C8224904B4002E676C /* Release */ = {
			isa = XCBuildConfiguration;
			buildSettings = {
				ALWAYS_SEARCH_USER_PATHS = NO;
				CLANG_ANALYZER_NONNULL = YES;
				CLANG_ANALYZER_NUMBER_OBJECT_CONVERSION = YES_AGGRESSIVE;
				CLANG_CXX_LANGUAGE_STANDARD = "gnu++14";
				CLANG_CXX_LIBRARY = "libc++";
				CLANG_ENABLE_MODULES = YES;
				CLANG_ENABLE_OBJC_ARC = YES;
				CLANG_ENABLE_OBJC_WEAK = YES;
				CLANG_WARN_BLOCK_CAPTURE_AUTORELEASING = YES;
				CLANG_WARN_BOOL_CONVERSION = YES;
				CLANG_WARN_COMMA = YES;
				CLANG_WARN_CONSTANT_CONVERSION = YES;
				CLANG_WARN_DEPRECATED_OBJC_IMPLEMENTATIONS = YES;
				CLANG_WARN_DIRECT_OBJC_ISA_USAGE = YES_ERROR;
				CLANG_WARN_DOCUMENTATION_COMMENTS = YES;
				CLANG_WARN_EMPTY_BODY = YES;
				CLANG_WARN_ENUM_CONVERSION = YES;
				CLANG_WARN_INFINITE_RECURSION = YES;
				CLANG_WARN_INT_CONVERSION = YES;
				CLANG_WARN_NON_LITERAL_NULL_CONVERSION = YES;
				CLANG_WARN_OBJC_IMPLICIT_RETAIN_SELF = YES;
				CLANG_WARN_OBJC_LITERAL_CONVERSION = YES;
				CLANG_WARN_OBJC_ROOT_CLASS = YES_ERROR;
				CLANG_WARN_RANGE_LOOP_ANALYSIS = YES;
				CLANG_WARN_STRICT_PROTOTYPES = YES;
				CLANG_WARN_SUSPICIOUS_MOVE = YES;
				CLANG_WARN_UNGUARDED_AVAILABILITY = YES_AGGRESSIVE;
				CLANG_WARN_UNREACHABLE_CODE = YES;
				CLANG_WARN__DUPLICATE_METHOD_MATCH = YES;
				CODE_SIGN_IDENTITY = "iPhone Developer";
				COPY_PHASE_STRIP = NO;
				DEBUG_INFORMATION_FORMAT = "dwarf-with-dsym";
				ENABLE_NS_ASSERTIONS = NO;
				ENABLE_STRICT_OBJC_MSGSEND = YES;
				GCC_C_LANGUAGE_STANDARD = gnu11;
				GCC_NO_COMMON_BLOCKS = YES;
				GCC_WARN_64_TO_32_BIT_CONVERSION = YES;
				GCC_WARN_ABOUT_RETURN_TYPE = YES_ERROR;
				GCC_WARN_UNDECLARED_SELECTOR = YES;
				GCC_WARN_UNINITIALIZED_AUTOS = YES_AGGRESSIVE;
				GCC_WARN_UNUSED_FUNCTION = YES;
				GCC_WARN_UNUSED_VARIABLE = YES;
				IPHONEOS_DEPLOYMENT_TARGET = 12.1;
				MTL_ENABLE_DEBUG_INFO = NO;
				MTL_FAST_MATH = YES;
				SDKROOT = iphoneos;
				SWIFT_COMPILATION_MODE = wholemodule;
				SWIFT_OPTIMIZATION_LEVEL = "-O";
				VALIDATE_PRODUCT = YES;
			};
			name = Release;
		};
		3F43A8CA224904B4002E676C /* Debug */ = {
			isa = XCBuildConfiguration;
			baseConfigurationReference = F13DC256ED07955FE5E87E2B /* Pods-Last.fm client.debug.xcconfig */;
			buildSettings = {
				ASSETCATALOG_COMPILER_APPICON_NAME = AppIcon;
				CODE_SIGN_STYLE = Automatic;
				DEVELOPMENT_TEAM = 6VXUM49682;
				INFOPLIST_FILE = "Last.fm client/Info.plist";
				LD_RUNPATH_SEARCH_PATHS = (
					"$(inherited)",
					"@executable_path/Frameworks",
				);
				PRODUCT_BUNDLE_IDENTIFIER = "Pavel.Last-fm-client";
				PRODUCT_NAME = "$(TARGET_NAME)";
				SWIFT_VERSION = 4.2;
				TARGETED_DEVICE_FAMILY = "1,2";
			};
			name = Debug;
		};
		3F43A8CB224904B4002E676C /* Release */ = {
			isa = XCBuildConfiguration;
			baseConfigurationReference = 69E294A2364B171FBAC5BB88 /* Pods-Last.fm client.release.xcconfig */;
			buildSettings = {
				ASSETCATALOG_COMPILER_APPICON_NAME = AppIcon;
				CODE_SIGN_STYLE = Automatic;
				DEVELOPMENT_TEAM = 6VXUM49682;
				INFOPLIST_FILE = "Last.fm client/Info.plist";
				LD_RUNPATH_SEARCH_PATHS = (
					"$(inherited)",
					"@executable_path/Frameworks",
				);
				PRODUCT_BUNDLE_IDENTIFIER = "Pavel.Last-fm-client";
				PRODUCT_NAME = "$(TARGET_NAME)";
				SWIFT_VERSION = 4.2;
				TARGETED_DEVICE_FAMILY = "1,2";
			};
			name = Release;
		};
/* End XCBuildConfiguration section */

/* Begin XCConfigurationList section */
		3F43A8B2224904B4002E676C /* Build configuration list for PBXProject "Last.fm client" */ = {
			isa = XCConfigurationList;
			buildConfigurations = (
				3F43A8C7224904B4002E676C /* Debug */,
				3F43A8C8224904B4002E676C /* Release */,
			);
			defaultConfigurationIsVisible = 0;
			defaultConfigurationName = Release;
		};
		3F43A8C9224904B4002E676C /* Build configuration list for PBXNativeTarget "Last.fm client" */ = {
			isa = XCConfigurationList;
			buildConfigurations = (
				3F43A8CA224904B4002E676C /* Debug */,
				3F43A8CB224904B4002E676C /* Release */,
			);
			defaultConfigurationIsVisible = 0;
			defaultConfigurationName = Release;
		};
/* End XCConfigurationList section */

/* Begin XCVersionGroup section */
		3F8B219A22688EC600FC8382 /* DataModels.xcdatamodeld */ = {
			isa = XCVersionGroup;
			children = (
				3F8B219B22688EC600FC8382 /* DataModels.xcdatamodel */,
			);
			currentVersion = 3F8B219B22688EC600FC8382 /* DataModels.xcdatamodel */;
			path = DataModels.xcdatamodeld;
			sourceTree = "<group>";
			versionGroupType = wrapper.xcdatamodel;
		};
/* End XCVersionGroup section */
	};
	rootObject = 3F43A8AF224904B4002E676C /* Project object */;
}
