// !$*UTF8*$!
{
	archiveVersion = 1;
	classes = {
	};
	objectVersion = 50;
	objects = {

/* Begin PBXBuildFile section */
		3F2EB080224CA28800AEE3DE /* SearchViewController.swift in Sources */ = {isa = PBXBuildFile; fileRef = 3F2EB07F224CA28800AEE3DE /* SearchViewController.swift */; };
		3F2EB082224CCC0C00AEE3DE /* RecentTableViewCell.swift in Sources */ = {isa = PBXBuildFile; fileRef = 3F2EB081224CCC0C00AEE3DE /* RecentTableViewCell.swift */; };
		3F43A8BB224904B4002E676C /* AppDelegate.swift in Sources */ = {isa = PBXBuildFile; fileRef = 3F43A8BA224904B4002E676C /* AppDelegate.swift */; };
		3F43A8BD224904B4002E676C /* ArtistsTableViewController.swift in Sources */ = {isa = PBXBuildFile; fileRef = 3F43A8BC224904B4002E676C /* ArtistsTableViewController.swift */; };
		3F43A8C2224904B4002E676C /* Assets.xcassets in Resources */ = {isa = PBXBuildFile; fileRef = 3F43A8C1224904B4002E676C /* Assets.xcassets */; };
		3F43A8C5224904B4002E676C /* LaunchScreen.storyboard in Resources */ = {isa = PBXBuildFile; fileRef = 3F43A8C3224904B4002E676C /* LaunchScreen.storyboard */; };
		3F43A8CE2249184A002E676C /* HTTPClient.swift in Sources */ = {isa = PBXBuildFile; fileRef = 3F43A8CD2249184A002E676C /* HTTPClient.swift */; };
		3F43A8D322491B81002E676C /* Artist.swift in Sources */ = {isa = PBXBuildFile; fileRef = 3F43A8D222491B81002E676C /* Artist.swift */; };
		3FD9E49A224A35DD00AE3541 /* TracksTableViewController.swift in Sources */ = {isa = PBXBuildFile; fileRef = 3FD9E499224A35DD00AE3541 /* TracksTableViewController.swift */; };
		3FD9E49C224A36F900AE3541 /* TrackTableViewCell.swift in Sources */ = {isa = PBXBuildFile; fileRef = 3FD9E49B224A36F900AE3541 /* TrackTableViewCell.swift */; };
		3FD9E4A0224A554900AE3541 /* Main.storyboard in Resources */ = {isa = PBXBuildFile; fileRef = 3FD9E49F224A554900AE3541 /* Main.storyboard */; };
		3FD9E4A2224A58FD00AE3541 /* ArtistInfoViewController.swift in Sources */ = {isa = PBXBuildFile; fileRef = 3FD9E4A1224A58FD00AE3541 /* ArtistInfoViewController.swift */; };
		3FE75BB7225247E00027C48C /* TrackInfoViewController.swift in Sources */ = {isa = PBXBuildFile; fileRef = 3FE75BB6225247E00027C48C /* TrackInfoViewController.swift */; };
		CBE8C1B587F881F92710561C /* Pods_Last_fm_client.framework in Frameworks */ = {isa = PBXBuildFile; fileRef = 7647A5FCC4422B0FC4A158F9 /* Pods_Last_fm_client.framework */; };
		E925F0DD2251FFC7001AB40B /* ViewWithSearchBarAndButton.swift in Sources */ = {isa = PBXBuildFile; fileRef = E925F0DC2251FFC7001AB40B /* ViewWithSearchBarAndButton.swift */; };
		E9D337B72251002E00DA9363 /* SectionHeaderView.swift in Sources */ = {isa = PBXBuildFile; fileRef = E9D337B62251002E00DA9363 /* SectionHeaderView.swift */; };
		E9DAFA65224A22C900FC1BB7 /* Track.swift in Sources */ = {isa = PBXBuildFile; fileRef = E9DAFA64224A22C900FC1BB7 /* Track.swift */; };
		E9E6E92B224979B5003BFD02 /* APIService.swift in Sources */ = {isa = PBXBuildFile; fileRef = E9E6E92A224979B5003BFD02 /* APIService.swift */; };
		E9E6E92D22498BCA003BFD02 /* ArtistTableViewCell.swift in Sources */ = {isa = PBXBuildFile; fileRef = E9E6E92C22498BCA003BFD02 /* ArtistTableViewCell.swift */; };
		E9E6E93822499D77003BFD02 /* CircleImageView.swift in Sources */ = {isa = PBXBuildFile; fileRef = E9E6E93722499D77003BFD02 /* CircleImageView.swift */; };
/* End PBXBuildFile section */

/* Begin PBXFileReference section */
		3F2EB07F224CA28800AEE3DE /* SearchViewController.swift */ = {isa = PBXFileReference; lastKnownFileType = sourcecode.swift; path = SearchViewController.swift; sourceTree = "<group>"; };
		3F2EB081224CCC0C00AEE3DE /* RecentTableViewCell.swift */ = {isa = PBXFileReference; lastKnownFileType = sourcecode.swift; path = RecentTableViewCell.swift; sourceTree = "<group>"; };
		3F43A8B7224904B4002E676C /* Last.fm client.app */ = {isa = PBXFileReference; explicitFileType = wrapper.application; includeInIndex = 0; path = "Last.fm client.app"; sourceTree = BUILT_PRODUCTS_DIR; };
		3F43A8BA224904B4002E676C /* AppDelegate.swift */ = {isa = PBXFileReference; lastKnownFileType = sourcecode.swift; path = AppDelegate.swift; sourceTree = "<group>"; };
		3F43A8BC224904B4002E676C /* ArtistsTableViewController.swift */ = {isa = PBXFileReference; lastKnownFileType = sourcecode.swift; path = ArtistsTableViewController.swift; sourceTree = "<group>"; };
		3F43A8C1224904B4002E676C /* Assets.xcassets */ = {isa = PBXFileReference; lastKnownFileType = folder.assetcatalog; path = Assets.xcassets; sourceTree = "<group>"; };
		3F43A8C4224904B4002E676C /* Base */ = {isa = PBXFileReference; lastKnownFileType = file.storyboard; name = Base; path = Base.lproj/LaunchScreen.storyboard; sourceTree = "<group>"; };
		3F43A8C6224904B4002E676C /* Info.plist */ = {isa = PBXFileReference; lastKnownFileType = text.plist.xml; path = Info.plist; sourceTree = "<group>"; };
		3F43A8CD2249184A002E676C /* HTTPClient.swift */ = {isa = PBXFileReference; lastKnownFileType = sourcecode.swift; path = HTTPClient.swift; sourceTree = "<group>"; };
		3F43A8D222491B81002E676C /* Artist.swift */ = {isa = PBXFileReference; lastKnownFileType = sourcecode.swift; path = Artist.swift; sourceTree = "<group>"; };
		3FD9E499224A35DD00AE3541 /* TracksTableViewController.swift */ = {isa = PBXFileReference; lastKnownFileType = sourcecode.swift; path = TracksTableViewController.swift; sourceTree = "<group>"; };
		3FD9E49B224A36F900AE3541 /* TrackTableViewCell.swift */ = {isa = PBXFileReference; lastKnownFileType = sourcecode.swift; path = TrackTableViewCell.swift; sourceTree = "<group>"; };
		3FD9E49F224A554900AE3541 /* Main.storyboard */ = {isa = PBXFileReference; fileEncoding = 4; lastKnownFileType = file.storyboard; path = Main.storyboard; sourceTree = "<group>"; };
		3FD9E4A1224A58FD00AE3541 /* ArtistInfoViewController.swift */ = {isa = PBXFileReference; lastKnownFileType = sourcecode.swift; path = ArtistInfoViewController.swift; sourceTree = "<group>"; };
		3FE75BB6225247E00027C48C /* TrackInfoViewController.swift */ = {isa = PBXFileReference; lastKnownFileType = sourcecode.swift; path = TrackInfoViewController.swift; sourceTree = "<group>"; };
		69E294A2364B171FBAC5BB88 /* Pods-Last.fm client.release.xcconfig */ = {isa = PBXFileReference; includeInIndex = 1; lastKnownFileType = text.xcconfig; name = "Pods-Last.fm client.release.xcconfig"; path = "Target Support Files/Pods-Last.fm client/Pods-Last.fm client.release.xcconfig"; sourceTree = "<group>"; };
		7647A5FCC4422B0FC4A158F9 /* Pods_Last_fm_client.framework */ = {isa = PBXFileReference; explicitFileType = wrapper.framework; includeInIndex = 0; path = Pods_Last_fm_client.framework; sourceTree = BUILT_PRODUCTS_DIR; };
		E925F0DC2251FFC7001AB40B /* ViewWithSearchBarAndButton.swift */ = {isa = PBXFileReference; lastKnownFileType = sourcecode.swift; path = ViewWithSearchBarAndButton.swift; sourceTree = "<group>"; };
		E9D337B62251002E00DA9363 /* SectionHeaderView.swift */ = {isa = PBXFileReference; lastKnownFileType = sourcecode.swift; path = SectionHeaderView.swift; sourceTree = "<group>"; };
		E9DAFA64224A22C900FC1BB7 /* Track.swift */ = {isa = PBXFileReference; lastKnownFileType = sourcecode.swift; path = Track.swift; sourceTree = "<group>"; };
		E9E6E92A224979B5003BFD02 /* APIService.swift */ = {isa = PBXFileReference; lastKnownFileType = sourcecode.swift; path = APIService.swift; sourceTree = "<group>"; };
		E9E6E92C22498BCA003BFD02 /* ArtistTableViewCell.swift */ = {isa = PBXFileReference; lastKnownFileType = sourcecode.swift; path = ArtistTableViewCell.swift; sourceTree = "<group>"; };
		E9E6E93722499D77003BFD02 /* CircleImageView.swift */ = {isa = PBXFileReference; lastKnownFileType = sourcecode.swift; path = CircleImageView.swift; sourceTree = "<group>"; };
		F13DC256ED07955FE5E87E2B /* Pods-Last.fm client.debug.xcconfig */ = {isa = PBXFileReference; includeInIndex = 1; lastKnownFileType = text.xcconfig; name = "Pods-Last.fm client.debug.xcconfig"; path = "Target Support Files/Pods-Last.fm client/Pods-Last.fm client.debug.xcconfig"; sourceTree = "<group>"; };
/* End PBXFileReference section */

/* Begin PBXFrameworksBuildPhase section */
		3F43A8B4224904B4002E676C /* Frameworks */ = {
			isa = PBXFrameworksBuildPhase;
			buildActionMask = 2147483647;
			files = (
				CBE8C1B587F881F92710561C /* Pods_Last_fm_client.framework in Frameworks */,
			);
			runOnlyForDeploymentPostprocessing = 0;
		};
/* End PBXFrameworksBuildPhase section */

/* Begin PBXGroup section */
		3F43A8AE224904B4002E676C = {
			isa = PBXGroup;
			children = (
				3F43A8B9224904B4002E676C /* Last.fm client */,
				3F43A8B8224904B4002E676C /* Products */,
				D6301348EADBC07202569EE4 /* Pods */,
				9365B2DAD23E641A3371436E /* Frameworks */,
			);
			sourceTree = "<group>";
		};
		3F43A8B8224904B4002E676C /* Products */ = {
			isa = PBXGroup;
			children = (
				3F43A8B7224904B4002E676C /* Last.fm client.app */,
			);
			name = Products;
			sourceTree = "<group>";
		};
		3F43A8B9224904B4002E676C /* Last.fm client */ = {
			isa = PBXGroup;
			children = (
				3FECB265224BC95A00D60B75 /* Support Files */,
				3F43A8D122491B66002E676C /* Model */,
				3F43A8CC224917D8002E676C /* Networking */,
				E9E6E93022499AA0003BFD02 /* Custom Views */,
				3FECB264224BC92E00D60B75 /* Controllers */,
				3F43A8C6224904B4002E676C /* Info.plist */,
			);
			path = "Last.fm client";
			sourceTree = "<group>";
		};
		3F43A8CC224917D8002E676C /* Networking */ = {
			isa = PBXGroup;
			children = (
				3F43A8CD2249184A002E676C /* HTTPClient.swift */,
			);
			path = Networking;
			sourceTree = "<group>";
		};
		3F43A8D122491B66002E676C /* Model */ = {
			isa = PBXGroup;
			children = (
				3F43A8D222491B81002E676C /* Artist.swift */,
				E9DAFA64224A22C900FC1BB7 /* Track.swift */,
				E9E6E92A224979B5003BFD02 /* APIService.swift */,
			);
			path = Model;
			sourceTree = "<group>";
		};
		3FECB264224BC92E00D60B75 /* Controllers */ = {
			isa = PBXGroup;
			children = (
				3F43A8BC224904B4002E676C /* ArtistsTableViewController.swift */,
				3FD9E499224A35DD00AE3541 /* TracksTableViewController.swift */,
				3F2EB07F224CA28800AEE3DE /* SearchViewController.swift */,
				3FE75BB6225247E00027C48C /* TrackInfoViewController.swift */,
				3FD9E4A1224A58FD00AE3541 /* ArtistInfoViewController.swift */,
			);
			path = Controllers;
			sourceTree = "<group>";
		};
		3FECB265224BC95A00D60B75 /* Support Files */ = {
			isa = PBXGroup;
			children = (
				3F43A8BA224904B4002E676C /* AppDelegate.swift */,
				3FD9E49F224A554900AE3541 /* Main.storyboard */,
				3F43A8C1224904B4002E676C /* Assets.xcassets */,
				3F43A8C3224904B4002E676C /* LaunchScreen.storyboard */,
			);
			path = "Support Files";
			sourceTree = "<group>";
		};
		9365B2DAD23E641A3371436E /* Frameworks */ = {
			isa = PBXGroup;
			children = (
				7647A5FCC4422B0FC4A158F9 /* Pods_Last_fm_client.framework */,
			);
			name = Frameworks;
			sourceTree = "<group>";
		};
		D6301348EADBC07202569EE4 /* Pods */ = {
			isa = PBXGroup;
			children = (
				F13DC256ED07955FE5E87E2B /* Pods-Last.fm client.debug.xcconfig */,
				69E294A2364B171FBAC5BB88 /* Pods-Last.fm client.release.xcconfig */,
			);
			path = Pods;
			sourceTree = "<group>";
		};
		E9E6E93022499AA0003BFD02 /* Custom Views */ = {
			isa = PBXGroup;
			children = (
				3FD9E49B224A36F900AE3541 /* TrackTableViewCell.swift */,
				E9E6E92C22498BCA003BFD02 /* ArtistTableViewCell.swift */,
				3F2EB081224CCC0C00AEE3DE /* RecentTableViewCell.swift */,
				E9E6E93722499D77003BFD02 /* CircleImageView.swift */,
				E9D337B62251002E00DA9363 /* SectionHeaderView.swift */,
				E925F0DC2251FFC7001AB40B /* ViewWithSearchBarAndButton.swift */,
			);
			path = "Custom Views";
			sourceTree = "<group>";
		};
/* End PBXGroup section */

/* Begin PBXNativeTarget section */
		3F43A8B6224904B4002E676C /* Last.fm client */ = {
			isa = PBXNativeTarget;
			buildConfigurationList = 3F43A8C9224904B4002E676C /* Build configuration list for PBXNativeTarget "Last.fm client" */;
			buildPhases = (
				8FE8FDF76F4286AD6764EEF0 /* [CP] Check Pods Manifest.lock */,
				3F43A8B3224904B4002E676C /* Sources */,
				3F43A8B4224904B4002E676C /* Frameworks */,
				3F43A8B5224904B4002E676C /* Resources */,
				8CB4EC4361BC5666AA9C0224 /* [CP] Embed Pods Frameworks */,
			);
			buildRules = (
			);
			dependencies = (
			);
			name = "Last.fm client";
			productName = "Last.fm client";
			productReference = 3F43A8B7224904B4002E676C /* Last.fm client.app */;
			productType = "com.apple.product-type.application";
		};
/* End PBXNativeTarget section */

/* Begin PBXProject section */
		3F43A8AF224904B4002E676C /* Project object */ = {
			isa = PBXProject;
			attributes = {
				LastSwiftUpdateCheck = 1010;
				LastUpgradeCheck = 1010;
				ORGANIZATIONNAME = student;
				TargetAttributes = {
					3F43A8B6224904B4002E676C = {
						CreatedOnToolsVersion = 10.1;
					};
				};
			};
			buildConfigurationList = 3F43A8B2224904B4002E676C /* Build configuration list for PBXProject "Last.fm client" */;
			compatibilityVersion = "Xcode 9.3";
			developmentRegion = en;
			hasScannedForEncodings = 0;
			knownRegions = (
				en,
				Base,
			);
			mainGroup = 3F43A8AE224904B4002E676C;
			productRefGroup = 3F43A8B8224904B4002E676C /* Products */;
			projectDirPath = "";
			projectRoot = "";
			targets = (
				3F43A8B6224904B4002E676C /* Last.fm client */,
			);
		};
/* End PBXProject section */

/* Begin PBXResourcesBuildPhase section */
		3F43A8B5224904B4002E676C /* Resources */ = {
			isa = PBXResourcesBuildPhase;
			buildActionMask = 2147483647;
			files = (
				3FD9E4A0224A554900AE3541 /* Main.storyboard in Resources */,
				3F43A8C5224904B4002E676C /* LaunchScreen.storyboard in Resources */,
				3F43A8C2224904B4002E676C /* Assets.xcassets in Resources */,
			);
			runOnlyForDeploymentPostprocessing = 0;
		};
/* End PBXResourcesBuildPhase section */

/* Begin PBXShellScriptBuildPhase section */
		8CB4EC4361BC5666AA9C0224 /* [CP] Embed Pods Frameworks */ = {
			isa = PBXShellScriptBuildPhase;
			buildActionMask = 2147483647;
			files = (
			);
			inputFileListPaths = (
			);
			inputPaths = (
				"${PODS_ROOT}/Target Support Files/Pods-Last.fm client/Pods-Last.fm client-frameworks.sh",
				"${BUILT_PRODUCTS_DIR}/SDWebImage/SDWebImage.framework",
				"${BUILT_PRODUCTS_DIR}/SwiftyJSON/SwiftyJSON.framework",
			);
			name = "[CP] Embed Pods Frameworks";
			outputFileListPaths = (
			);
			outputPaths = (
				"${TARGET_BUILD_DIR}/${FRAMEWORKS_FOLDER_PATH}/SDWebImage.framework",
				"${TARGET_BUILD_DIR}/${FRAMEWORKS_FOLDER_PATH}/SwiftyJSON.framework",
			);
			runOnlyForDeploymentPostprocessing = 0;
			shellPath = /bin/sh;
			shellScript = "\"${PODS_ROOT}/Target Support Files/Pods-Last.fm client/Pods-Last.fm client-frameworks.sh\"\n\"${PODS_ROOT}/SwiftLint/swiftlint\"\n";
			showEnvVarsInLog = 0;
		};
		8FE8FDF76F4286AD6764EEF0 /* [CP] Check Pods Manifest.lock */ = {
			isa = PBXShellScriptBuildPhase;
			buildActionMask = 2147483647;
			files = (
			);
			inputFileListPaths = (
			);
			inputPaths = (
				"${PODS_PODFILE_DIR_PATH}/Podfile.lock",
				"${PODS_ROOT}/Manifest.lock",
			);
			name = "[CP] Check Pods Manifest.lock";
			outputFileListPaths = (
			);
			outputPaths = (
				"$(DERIVED_FILE_DIR)/Pods-Last.fm client-checkManifestLockResult.txt",
			);
			runOnlyForDeploymentPostprocessing = 0;
			shellPath = /bin/sh;
			shellScript = "diff \"${PODS_PODFILE_DIR_PATH}/Podfile.lock\" \"${PODS_ROOT}/Manifest.lock\" > /dev/null\nif [ $? != 0 ] ; then\n    # print error to STDERR\n    echo \"error: The sandbox is not in sync with the Podfile.lock. Run 'pod install' or update your CocoaPods installation.\" >&2\n    exit 1\nfi\n# This output is used by Xcode 'outputs' to avoid re-running this script phase.\necho \"SUCCESS\" > \"${SCRIPT_OUTPUT_FILE_0}\"\n";
			showEnvVarsInLog = 0;
		};
/* End PBXShellScriptBuildPhase section */

/* Begin PBXSourcesBuildPhase section */
		3F43A8B3224904B4002E676C /* Sources */ = {
			isa = PBXSourcesBuildPhase;
			buildActionMask = 2147483647;
			files = (
				E9E6E92B224979B5003BFD02 /* APIService.swift in Sources */,
				3FD9E49A224A35DD00AE3541 /* TracksTableViewController.swift in Sources */,
				3FD9E4A2224A58FD00AE3541 /* ArtistInfoViewController.swift in Sources */,
				3F43A8BD224904B4002E676C /* ArtistsTableViewController.swift in Sources */,
				E9E6E93822499D77003BFD02 /* CircleImageView.swift in Sources */,
				E9DAFA65224A22C900FC1BB7 /* Track.swift in Sources */,
				3FD9E49C224A36F900AE3541 /* TrackTableViewCell.swift in Sources */,
				E925F0DD2251FFC7001AB40B /* ViewWithSearchBarAndButton.swift in Sources */,
				3F2EB080224CA28800AEE3DE /* SearchViewController.swift in Sources */,
				3F2EB082224CCC0C00AEE3DE /* RecentTableViewCell.swift in Sources */,
				3F43A8BB224904B4002E676C /* AppDelegate.swift in Sources */,
				3FE75BB7225247E00027C48C /* TrackInfoViewController.swift in Sources */,
				3F43A8D322491B81002E676C /* Artist.swift in Sources */,
				E9D337B72251002E00DA9363 /* SectionHeaderView.swift in Sources */,
				E9E6E92D22498BCA003BFD02 /* ArtistTableViewCell.swift in Sources */,
				3F43A8CE2249184A002E676C /* HTTPClient.swift in Sources */,
			);
			runOnlyForDeploymentPostprocessing = 0;
		};
/* End PBXSourcesBuildPhase section */

/* Begin PBXVariantGroup section */
		3F43A8C3224904B4002E676C /* LaunchScreen.storyboard */ = {
			isa = PBXVariantGroup;
			children = (
				3F43A8C4224904B4002E676C /* Base */,
			);
			name = LaunchScreen.storyboard;
			sourceTree = "<group>";
		};
/* End PBXVariantGroup section */

/* Begin XCBuildConfiguration section */
		3F43A8C7224904B4002E676C /* Debug */ = {
			isa = XCBuildConfiguration;
			buildSettings = {
				ALWAYS_SEARCH_USER_PATHS = NO;
				CLANG_ANALYZER_NONNULL = YES;
				CLANG_ANALYZER_NUMBER_OBJECT_CONVERSION = YES_AGGRESSIVE;
				CLANG_CXX_LANGUAGE_STANDARD = "gnu++14";
				CLANG_CXX_LIBRARY = "libc++";
				CLANG_ENABLE_MODULES = YES;
				CLANG_ENABLE_OBJC_ARC = YES;
				CLANG_ENABLE_OBJC_WEAK = YES;
				CLANG_WARN_BLOCK_CAPTURE_AUTORELEASING = YES;
				CLANG_WARN_BOOL_CONVERSION = YES;
				CLANG_WARN_COMMA = YES;
				CLANG_WARN_CONSTANT_CONVERSION = YES;
				CLANG_WARN_DEPRECATED_OBJC_IMPLEMENTATIONS = YES;
				CLANG_WARN_DIRECT_OBJC_ISA_USAGE = YES_ERROR;
				CLANG_WARN_DOCUMENTATION_COMMENTS = YES;
				CLANG_WARN_EMPTY_BODY = YES;
				CLANG_WARN_ENUM_CONVERSION = YES;
				CLANG_WARN_INFINITE_RECURSION = YES;
				CLANG_WARN_INT_CONVERSION = YES;
				CLANG_WARN_NON_LITERAL_NULL_CONVERSION = YES;
				CLANG_WARN_OBJC_IMPLICIT_RETAIN_SELF = YES;
				CLANG_WARN_OBJC_LITERAL_CONVERSION = YES;
				CLANG_WARN_OBJC_ROOT_CLASS = YES_ERROR;
				CLANG_WARN_RANGE_LOOP_ANALYSIS = YES;
				CLANG_WARN_STRICT_PROTOTYPES = YES;
				CLANG_WARN_SUSPICIOUS_MOVE = YES;
				CLANG_WARN_UNGUARDED_AVAILABILITY = YES_AGGRESSIVE;
				CLANG_WARN_UNREACHABLE_CODE = YES;
				CLANG_WARN__DUPLICATE_METHOD_MATCH = YES;
				CODE_SIGN_IDENTITY = "iPhone Developer";
				COPY_PHASE_STRIP = NO;
				DEBUG_INFORMATION_FORMAT = dwarf;
				ENABLE_STRICT_OBJC_MSGSEND = YES;
				ENABLE_TESTABILITY = YES;
				GCC_C_LANGUAGE_STANDARD = gnu11;
				GCC_DYNAMIC_NO_PIC = NO;
				GCC_NO_COMMON_BLOCKS = YES;
				GCC_OPTIMIZATION_LEVEL = 0;
				GCC_PREPROCESSOR_DEFINITIONS = (
					"DEBUG=1",
					"$(inherited)",
				);
				GCC_WARN_64_TO_32_BIT_CONVERSION = YES;
				GCC_WARN_ABOUT_RETURN_TYPE = YES_ERROR;
				GCC_WARN_UNDECLARED_SELECTOR = YES;
				GCC_WARN_UNINITIALIZED_AUTOS = YES_AGGRESSIVE;
				GCC_WARN_UNUSED_FUNCTION = YES;
				GCC_WARN_UNUSED_VARIABLE = YES;
				IPHONEOS_DEPLOYMENT_TARGET = 12.1;
				MTL_ENABLE_DEBUG_INFO = INCLUDE_SOURCE;
				MTL_FAST_MATH = YES;
				ONLY_ACTIVE_ARCH = YES;
				SDKROOT = iphoneos;
				SWIFT_ACTIVE_COMPILATION_CONDITIONS = DEBUG;
				SWIFT_OPTIMIZATION_LEVEL = "-Onone";
			};
			name = Debug;
		};
		3F43A8C8224904B4002E676C /* Release */ = {
			isa = XCBuildConfiguration;
			buildSettings = {
				ALWAYS_SEARCH_USER_PATHS = NO;
				CLANG_ANALYZER_NONNULL = YES;
				CLANG_ANALYZER_NUMBER_OBJECT_CONVERSION = YES_AGGRESSIVE;
				CLANG_CXX_LANGUAGE_STANDARD = "gnu++14";
				CLANG_CXX_LIBRARY = "libc++";
				CLANG_ENABLE_MODULES = YES;
				CLANG_ENABLE_OBJC_ARC = YES;
				CLANG_ENABLE_OBJC_WEAK = YES;
				CLANG_WARN_BLOCK_CAPTURE_AUTORELEASING = YES;
				CLANG_WARN_BOOL_CONVERSION = YES;
				CLANG_WARN_COMMA = YES;
				CLANG_WARN_CONSTANT_CONVERSION = YES;
				CLANG_WARN_DEPRECATED_OBJC_IMPLEMENTATIONS = YES;
				CLANG_WARN_DIRECT_OBJC_ISA_USAGE = YES_ERROR;
				CLANG_WARN_DOCUMENTATION_COMMENTS = YES;
				CLANG_WARN_EMPTY_BODY = YES;
				CLANG_WARN_ENUM_CONVERSION = YES;
				CLANG_WARN_INFINITE_RECURSION = YES;
				CLANG_WARN_INT_CONVERSION = YES;
				CLANG_WARN_NON_LITERAL_NULL_CONVERSION = YES;
				CLANG_WARN_OBJC_IMPLICIT_RETAIN_SELF = YES;
				CLANG_WARN_OBJC_LITERAL_CONVERSION = YES;
				CLANG_WARN_OBJC_ROOT_CLASS = YES_ERROR;
				CLANG_WARN_RANGE_LOOP_ANALYSIS = YES;
				CLANG_WARN_STRICT_PROTOTYPES = YES;
				CLANG_WARN_SUSPICIOUS_MOVE = YES;
				CLANG_WARN_UNGUARDED_AVAILABILITY = YES_AGGRESSIVE;
				CLANG_WARN_UNREACHABLE_CODE = YES;
				CLANG_WARN__DUPLICATE_METHOD_MATCH = YES;
				CODE_SIGN_IDENTITY = "iPhone Developer";
				COPY_PHASE_STRIP = NO;
				DEBUG_INFORMATION_FORMAT = "dwarf-with-dsym";
				ENABLE_NS_ASSERTIONS = NO;
				ENABLE_STRICT_OBJC_MSGSEND = YES;
				GCC_C_LANGUAGE_STANDARD = gnu11;
				GCC_NO_COMMON_BLOCKS = YES;
				GCC_WARN_64_TO_32_BIT_CONVERSION = YES;
				GCC_WARN_ABOUT_RETURN_TYPE = YES_ERROR;
				GCC_WARN_UNDECLARED_SELECTOR = YES;
				GCC_WARN_UNINITIALIZED_AUTOS = YES_AGGRESSIVE;
				GCC_WARN_UNUSED_FUNCTION = YES;
				GCC_WARN_UNUSED_VARIABLE = YES;
				IPHONEOS_DEPLOYMENT_TARGET = 12.1;
				MTL_ENABLE_DEBUG_INFO = NO;
				MTL_FAST_MATH = YES;
				SDKROOT = iphoneos;
				SWIFT_COMPILATION_MODE = wholemodule;
				SWIFT_OPTIMIZATION_LEVEL = "-O";
				VALIDATE_PRODUCT = YES;
			};
			name = Release;
		};
		3F43A8CA224904B4002E676C /* Debug */ = {
			isa = XCBuildConfiguration;
			baseConfigurationReference = F13DC256ED07955FE5E87E2B /* Pods-Last.fm client.debug.xcconfig */;
			buildSettings = {
				ASSETCATALOG_COMPILER_APPICON_NAME = AppIcon;
				CODE_SIGN_STYLE = Automatic;
				DEVELOPMENT_TEAM = 6VXUM49682;
				INFOPLIST_FILE = "Last.fm client/Info.plist";
				LD_RUNPATH_SEARCH_PATHS = (
					"$(inherited)",
					"@executable_path/Frameworks",
				);
				PRODUCT_BUNDLE_IDENTIFIER = "Pavel.Last-fm-client";
				PRODUCT_NAME = "$(TARGET_NAME)";
				SWIFT_VERSION = 4.2;
				TARGETED_DEVICE_FAMILY = "1,2";
			};
			name = Debug;
		};
		3F43A8CB224904B4002E676C /* Release */ = {
			isa = XCBuildConfiguration;
			baseConfigurationReference = 69E294A2364B171FBAC5BB88 /* Pods-Last.fm client.release.xcconfig */;
			buildSettings = {
				ASSETCATALOG_COMPILER_APPICON_NAME = AppIcon;
				CODE_SIGN_STYLE = Automatic;
				DEVELOPMENT_TEAM = 6VXUM49682;
				INFOPLIST_FILE = "Last.fm client/Info.plist";
				LD_RUNPATH_SEARCH_PATHS = (
					"$(inherited)",
					"@executable_path/Frameworks",
				);
				PRODUCT_BUNDLE_IDENTIFIER = "Pavel.Last-fm-client";
				PRODUCT_NAME = "$(TARGET_NAME)";
				SWIFT_VERSION = 4.2;
				TARGETED_DEVICE_FAMILY = "1,2";
			};
			name = Release;
		};
/* End XCBuildConfiguration section */

/* Begin XCConfigurationList section */
		3F43A8B2224904B4002E676C /* Build configuration list for PBXProject "Last.fm client" */ = {
			isa = XCConfigurationList;
			buildConfigurations = (
				3F43A8C7224904B4002E676C /* Debug */,
				3F43A8C8224904B4002E676C /* Release */,
			);
			defaultConfigurationIsVisible = 0;
			defaultConfigurationName = Release;
		};
		3F43A8C9224904B4002E676C /* Build configuration list for PBXNativeTarget "Last.fm client" */ = {
			isa = XCConfigurationList;
			buildConfigurations = (
				3F43A8CA224904B4002E676C /* Debug */,
				3F43A8CB224904B4002E676C /* Release */,
			);
			defaultConfigurationIsVisible = 0;
			defaultConfigurationName = Release;
		};
/* End XCConfigurationList section */
	};
	rootObject = 3F43A8AF224904B4002E676C /* Project object */;
}
